
Microsoft Visual Studio Solution File, Format Version 12.00
# Visual Studio Version 17
VisualStudioVersion = 17.2.32630.192
MinimumVisualStudioVersion = 10.0.40219.1
Project("{9A19103F-16F7-4668-BE54-9A1E7A4F7556}") = "DieteticConsultationAPI", "DieteticConsultationAPI\DieteticConsultationAPI.csproj", "{8C267CE1-D03C-4D34-9FB1-32A881C281BE}"
EndProject
Project("{9A19103F-16F7-4668-BE54-9A1E7A4F7556}") = "DieteticConsultationAPI.UnitTest", "DieteticConsultationAPI.UnitTest\DieteticConsultationAPI.UnitTest.csproj", "{11312880-2EFA-481B-A764-E3CB9B8BC09D}"
EndProject
Global
	GlobalSection(SolutionConfigurationPlatforms) = preSolution
		Debug|Any CPU = Debug|Any CPU
		Release|Any CPU = Release|Any CPU
	EndGlobalSection
	GlobalSection(ProjectConfigurationPlatforms) = postSolution
		{8C267CE1-D03C-4D34-9FB1-32A881C281BE}.Debug|Any CPU.ActiveCfg = Debug|Any CPU
		{8C267CE1-D03C-4D34-9FB1-32A881C281BE}.Debug|Any CPU.Build.0 = Debug|Any CPU
		{8C267CE1-D03C-4D34-9FB1-32A881C281BE}.Release|Any CPU.ActiveCfg = Release|Any CPU
		{8C267CE1-D03C-4D34-9FB1-32A881C281BE}.Release|Any CPU.Build.0 = Release|Any CPU
		{11312880-2EFA-481B-A764-E3CB9B8BC09D}.Debug|Any CPU.ActiveCfg = Debug|Any CPU
		{11312880-2EFA-481B-A764-E3CB9B8BC09D}.Debug|Any CPU.Build.0 = Debug|Any CPU
		{11312880-2EFA-481B-A764-E3CB9B8BC09D}.Release|Any CPU.ActiveCfg = Release|Any CPU
		{11312880-2EFA-481B-A764-E3CB9B8BC09D}.Release|Any CPU.Build.0 = Release|Any CPU
	EndGlobalSection
	GlobalSection(SolutionProperties) = preSolution
		HideSolutionNode = FALSE
	EndGlobalSection
	GlobalSection(ExtensibilityGlobals) = postSolution
		SolutionGuid = {23861FD5-E61A-4CD3-92B7-90C0192B825E}
	EndGlobalSection
EndGlobal
